github.com/google/uuid v1.6.0 h1:NIvaJDMOsjHA8n1jAhLSgzrAzy1Hgr+hNrb57e+94F0=
github.com/google/uuid v1.6.0/go.mod h1:TIyPZe4MgqvfeYDBFedMoGGpEw/LqOeaOT+nhxU+yHo=
github.com/maxence-charriere/go-app/v10 v10.1.11 h1:4JUSlVQ8zVIeL3acFJEpuerP6FLoEQWg6CUTtHcz7Ro=
github.com/maxence-charriere/go-app/v10 v10.1.11/go.mod h1:FqUW4on4nJewVfBnSkuxQd3fvtK2RdKS/z76OOUDAAY=
